
Microsoft Visual Studio Solution File, Format Version 12.00
# Visual Studio Version 17
VisualStudioVersion = 17.11.35219.272
MinimumVisualStudioVersion = 10.0.40219.1
Project("{FAE04EC0-301F-11D3-BF4B-00C04F79EFBC}") = "WinFormsApp1", "WinFormsApp1\WinFormsApp1.csproj", "{396C12A8-7C06-4789-A61B-D0E238EDE09B}"
EndProject
Global
	GlobalSection(SolutionConfigurationPlatforms) = preSolution
		Debug|Any CPU = Debug|Any CPU
		Release|Any CPU = Release|Any CPU
	EndGlobalSection
	GlobalSection(ProjectConfigurationPlatforms) = postSolution
		{396C12A8-7C06-4789-A61B-D0E238EDE09B}.Debug|Any CPU.ActiveCfg = Debug|Any CPU
		{396C12A8-7C06-4789-A61B-D0E238EDE09B}.Debug|Any CPU.Build.0 = Debug|Any CPU
		{396C12A8-7C06-4789-A61B-D0E238EDE09B}.Release|Any CPU.ActiveCfg = Release|Any CPU
		{396C12A8-7C06-4789-A61B-D0E238EDE09B}.Release|Any CPU.Build.0 = Release|Any CPU
	EndGlobalSection
	GlobalSection(SolutionProperties) = preSolution
		HideSolutionNode = FALSE
	EndGlobalSection
	GlobalSection(ExtensibilityGlobals) = postSolution
		SolutionGuid = {600C1204-1197-4F35-AF80-1E08F55887B7}
	EndGlobalSection
EndGlobal
